// !$*UTF8*$!
{
	archiveVersion = 1;
	classes = {
	};
	objectVersion = 48;
	objects = {

/* Begin PBXBuildFile section */
		A529E93E327C1891A152AE02 /* Pods_Hospitalist_Hours_Log.framework in Frameworks */ = {isa = PBXBuildFile; fileRef = D45E224D6433048A330E3358 /* Pods_Hospitalist_Hours_Log.framework */; };
		D0235AB41FEDA7D4001E8819 /* GoogleService-Info.plist in Resources */ = {isa = PBXBuildFile; fileRef = D0235AB31FEDA7D4001E8819 /* GoogleService-Info.plist */; };
		D0235AB61FEDA9E7001E8819 /* RegisterViewController.swift in Sources */ = {isa = PBXBuildFile; fileRef = D0235AB51FEDA9E7001E8819 /* RegisterViewController.swift */; };
		D0235ABB1FEDB26E001E8819 /* UserLoginViewController.swift in Sources */ = {isa = PBXBuildFile; fileRef = D0235ABA1FEDB26E001E8819 /* UserLoginViewController.swift */; };
		D0235ABD1FEDB3F5001E8819 /* WelcomeViewController.swift in Sources */ = {isa = PBXBuildFile; fileRef = D0235ABC1FEDB3F5001E8819 /* WelcomeViewController.swift */; };
		D0235ABF1FEDB5F6001E8819 /* AdminLoginViewController.swift in Sources */ = {isa = PBXBuildFile; fileRef = D0235ABE1FEDB5F6001E8819 /* AdminLoginViewController.swift */; };
		D0235AC21FEDCB6C001E8819 /* LogViewController.swift in Sources */ = {isa = PBXBuildFile; fileRef = D0235AC01FEDC639001E8819 /* LogViewController.swift */; };
		D0EA5E9B1FE9505D0068834E /* AppDelegate.swift in Sources */ = {isa = PBXBuildFile; fileRef = D0EA5E9A1FE9505D0068834E /* AppDelegate.swift */; };
		D0EA5EA01FE9505D0068834E /* Main.storyboard in Resources */ = {isa = PBXBuildFile; fileRef = D0EA5E9E1FE9505D0068834E /* Main.storyboard */; };
		D0EA5EA21FE9505D0068834E /* Assets.xcassets in Resources */ = {isa = PBXBuildFile; fileRef = D0EA5EA11FE9505D0068834E /* Assets.xcassets */; };
		D0EA5EA51FE9505D0068834E /* LaunchScreen.storyboard in Resources */ = {isa = PBXBuildFile; fileRef = D0EA5EA31FE9505D0068834E /* LaunchScreen.storyboard */; };
/* End PBXBuildFile section */

/* Begin PBXFileReference section */
		106C35705214C52FC89D2239 /* Pods-Hospitalist Hours Log.debug.xcconfig */ = {isa = PBXFileReference; includeInIndex = 1; lastKnownFileType = text.xcconfig; name = "Pods-Hospitalist Hours Log.debug.xcconfig"; path = "Pods/Target Support Files/Pods-Hospitalist Hours Log/Pods-Hospitalist Hours Log.debug.xcconfig"; sourceTree = "<group>"; };
		939D91498D812B070ACCA372 /* Pods-Hospitalist Hours Log.release.xcconfig */ = {isa = PBXFileReference; includeInIndex = 1; lastKnownFileType = text.xcconfig; name = "Pods-Hospitalist Hours Log.release.xcconfig"; path = "Pods/Target Support Files/Pods-Hospitalist Hours Log/Pods-Hospitalist Hours Log.release.xcconfig"; sourceTree = "<group>"; };
		D0235AB31FEDA7D4001E8819 /* GoogleService-Info.plist */ = {isa = PBXFileReference; fileEncoding = 4; lastKnownFileType = text.plist.xml; path = "GoogleService-Info.plist"; sourceTree = "<group>"; };
		D0235AB51FEDA9E7001E8819 /* RegisterViewController.swift */ = {isa = PBXFileReference; lastKnownFileType = sourcecode.swift; path = RegisterViewController.swift; sourceTree = "<group>"; };
		D0235ABA1FEDB26E001E8819 /* UserLoginViewController.swift */ = {isa = PBXFileReference; lastKnownFileType = sourcecode.swift; path = UserLoginViewController.swift; sourceTree = "<group>"; };
		D0235ABC1FEDB3F5001E8819 /* WelcomeViewController.swift */ = {isa = PBXFileReference; lastKnownFileType = sourcecode.swift; path = WelcomeViewController.swift; sourceTree = "<group>"; };
		D0235ABE1FEDB5F6001E8819 /* AdminLoginViewController.swift */ = {isa = PBXFileReference; lastKnownFileType = sourcecode.swift; path = AdminLoginViewController.swift; sourceTree = "<group>"; };
		D0235AC01FEDC639001E8819 /* LogViewController.swift */ = {isa = PBXFileReference; lastKnownFileType = sourcecode.swift; path = LogViewController.swift; sourceTree = "<group>"; };
		D0EA5E971FE9505D0068834E /* Hospitalist Hours Log.app */ = {isa = PBXFileReference; explicitFileType = wrapper.application; includeInIndex = 0; path = "Hospitalist Hours Log.app"; sourceTree = BUILT_PRODUCTS_DIR; };
		D0EA5E9A1FE9505D0068834E /* AppDelegate.swift */ = {isa = PBXFileReference; lastKnownFileType = sourcecode.swift; path = AppDelegate.swift; sourceTree = "<group>"; };
		D0EA5E9F1FE9505D0068834E /* Base */ = {isa = PBXFileReference; lastKnownFileType = file.storyboard; name = Base; path = Base.lproj/Main.storyboard; sourceTree = "<group>"; };
		D0EA5EA11FE9505D0068834E /* Assets.xcassets */ = {isa = PBXFileReference; lastKnownFileType = folder.assetcatalog; path = Assets.xcassets; sourceTree = "<group>"; };
		D0EA5EA41FE9505D0068834E /* Base */ = {isa = PBXFileReference; lastKnownFileType = file.storyboard; name = Base; path = Base.lproj/LaunchScreen.storyboard; sourceTree = "<group>"; };
		D0EA5EA61FE9505D0068834E /* Info.plist */ = {isa = PBXFileReference; lastKnownFileType = text.plist.xml; path = Info.plist; sourceTree = "<group>"; };
		D45E224D6433048A330E3358 /* Pods_Hospitalist_Hours_Log.framework */ = {isa = PBXFileReference; explicitFileType = wrapper.framework; includeInIndex = 0; path = Pods_Hospitalist_Hours_Log.framework; sourceTree = BUILT_PRODUCTS_DIR; };
/* End PBXFileReference section */

/* Begin PBXFrameworksBuildPhase section */
		D0EA5E941FE9505D0068834E /* Frameworks */ = {
			isa = PBXFrameworksBuildPhase;
			buildActionMask = 2147483647;
			files = (
				A529E93E327C1891A152AE02 /* Pods_Hospitalist_Hours_Log.framework in Frameworks */,
			);
			runOnlyForDeploymentPostprocessing = 0;
		};
/* End PBXFrameworksBuildPhase section */

/* Begin PBXGroup section */
		7738D22A44F7EC4A5F17D2D6 /* Frameworks */ = {
			isa = PBXGroup;
			children = (
				D45E224D6433048A330E3358 /* Pods_Hospitalist_Hours_Log.framework */,
			);
			name = Frameworks;
			sourceTree = "<group>";
		};
		D0EA5E8E1FE9505D0068834E = {
			isa = PBXGroup;
			children = (
				D0EA5E991FE9505D0068834E /* Hospitalist Hours Log */,
				D0EA5E981FE9505D0068834E /* Products */,
				E4EA92FE67D50C6B480C5F08 /* Pods */,
				7738D22A44F7EC4A5F17D2D6 /* Frameworks */,
			);
			sourceTree = "<group>";
		};
		D0EA5E981FE9505D0068834E /* Products */ = {
			isa = PBXGroup;
			children = (
				D0EA5E971FE9505D0068834E /* Hospitalist Hours Log.app */,
			);
			name = Products;
			sourceTree = "<group>";
		};
		D0EA5E991FE9505D0068834E /* Hospitalist Hours Log */ = {
			isa = PBXGroup;
			children = (
				D0EA5E9A1FE9505D0068834E /* AppDelegate.swift */,
				D0EA5E9E1FE9505D0068834E /* Main.storyboard */,
				D0235ABC1FEDB3F5001E8819 /* WelcomeViewController.swift */,
				D0235ABA1FEDB26E001E8819 /* UserLoginViewController.swift */,
				D0235AB51FEDA9E7001E8819 /* RegisterViewController.swift */,
				D0235ABE1FEDB5F6001E8819 /* AdminLoginViewController.swift */,
				D0235AC01FEDC639001E8819 /* LogViewController.swift */,
				D0EA5EA11FE9505D0068834E /* Assets.xcassets */,
				D0EA5EA31FE9505D0068834E /* LaunchScreen.storyboard */,
				D0EA5EA61FE9505D0068834E /* Info.plist */,
				D0235AB31FEDA7D4001E8819 /* GoogleService-Info.plist */,
			);
			path = "Hospitalist Hours Log";
			sourceTree = "<group>";
		};
		E4EA92FE67D50C6B480C5F08 /* Pods */ = {
			isa = PBXGroup;
			children = (
				106C35705214C52FC89D2239 /* Pods-Hospitalist Hours Log.debug.xcconfig */,
				939D91498D812B070ACCA372 /* Pods-Hospitalist Hours Log.release.xcconfig */,
			);
			name = Pods;
			sourceTree = "<group>";
		};
/* End PBXGroup section */

/* Begin PBXNativeTarget section */
		D0EA5E961FE9505D0068834E /* Hospitalist Hours Log */ = {
			isa = PBXNativeTarget;
			buildConfigurationList = D0EA5EA91FE9505D0068834E /* Build configuration list for PBXNativeTarget "Hospitalist Hours Log" */;
			buildPhases = (
				A4249B0F839E4D00053A7681 /* [CP] Check Pods Manifest.lock */,
				D0EA5E931FE9505D0068834E /* Sources */,
				D0EA5E941FE9505D0068834E /* Frameworks */,
				D0EA5E951FE9505D0068834E /* Resources */,
				9F8A2A57081D63F8EDBBC6B8 /* [CP] Embed Pods Frameworks */,
				FF710D43D4EFAEB76EAA52D4 /* [CP] Copy Pods Resources */,
			);
			buildRules = (
			);
			dependencies = (
			);
			name = "Hospitalist Hours Log";
			productName = "Hospitalist Hours Log";
			productReference = D0EA5E971FE9505D0068834E /* Hospitalist Hours Log.app */;
			productType = "com.apple.product-type.application";
		};
/* End PBXNativeTarget section */

/* Begin PBXProject section */
		D0EA5E8F1FE9505D0068834E /* Project object */ = {
			isa = PBXProject;
			attributes = {
				LastSwiftUpdateCheck = 0920;
				LastUpgradeCheck = 0920;
				ORGANIZATIONNAME = "Peter Lyn";
				TargetAttributes = {
					D0EA5E961FE9505D0068834E = {
						CreatedOnToolsVersion = 9.2;
						ProvisioningStyle = Automatic;
					};
				};
			};
			buildConfigurationList = D0EA5E921FE9505D0068834E /* Build configuration list for PBXProject "Hospitalist Hours Log" */;
			compatibilityVersion = "Xcode 8.0";
			developmentRegion = en;
			hasScannedForEncodings = 0;
			knownRegions = (
				en,
				Base,
			);
			mainGroup = D0EA5E8E1FE9505D0068834E;
			productRefGroup = D0EA5E981FE9505D0068834E /* Products */;
			projectDirPath = "";
			projectRoot = "";
			targets = (
				D0EA5E961FE9505D0068834E /* Hospitalist Hours Log */,
			);
		};
/* End PBXProject section */

/* Begin PBXResourcesBuildPhase section */
		D0EA5E951FE9505D0068834E /* Resources */ = {
			isa = PBXResourcesBuildPhase;
			buildActionMask = 2147483647;
			files = (
				D0EA5EA51FE9505D0068834E /* LaunchScreen.storyboard in Resources */,
				D0235AB41FEDA7D4001E8819 /* GoogleService-Info.plist in Resources */,
				D0EA5EA21FE9505D0068834E /* Assets.xcassets in Resources */,
				D0EA5EA01FE9505D0068834E /* Main.storyboard in Resources */,
			);
			runOnlyForDeploymentPostprocessing = 0;
		};
/* End PBXResourcesBuildPhase section */

/* Begin PBXShellScriptBuildPhase section */
		9F8A2A57081D63F8EDBBC6B8 /* [CP] Embed Pods Frameworks */ = {
			isa = PBXShellScriptBuildPhase;
			buildActionMask = 2147483647;
			files = (
			);
			inputPaths = (
				"${SRCROOT}/Pods/Target Support Files/Pods-Hospitalist Hours Log/Pods-Hospitalist Hours Log-frameworks.sh",
				"${BUILT_PRODUCTS_DIR}/ChameleonFramework/ChameleonFramework.framework",
				"${BUILT_PRODUCTS_DIR}/GTMSessionFetcher/GTMSessionFetcher.framework",
				"${BUILT_PRODUCTS_DIR}/GoogleToolboxForMac/GoogleToolboxForMac.framework",
				"${BUILT_PRODUCTS_DIR}/SVProgressHUD/SVProgressHUD.framework",
				"${BUILT_PRODUCTS_DIR}/leveldb-library/leveldb.framework",
				"${BUILT_PRODUCTS_DIR}/nanopb/nanopb.framework",
			);
			name = "[CP] Embed Pods Frameworks";
			outputPaths = (
				"${TARGET_BUILD_DIR}/${FRAMEWORKS_FOLDER_PATH}/ChameleonFramework.framework",
				"${TARGET_BUILD_DIR}/${FRAMEWORKS_FOLDER_PATH}/GTMSessionFetcher.framework",
				"${TARGET_BUILD_DIR}/${FRAMEWORKS_FOLDER_PATH}/GoogleToolboxForMac.framework",
				"${TARGET_BUILD_DIR}/${FRAMEWORKS_FOLDER_PATH}/SVProgressHUD.framework",
				"${TARGET_BUILD_DIR}/${FRAMEWORKS_FOLDER_PATH}/leveldb.framework",
				"${TARGET_BUILD_DIR}/${FRAMEWORKS_FOLDER_PATH}/nanopb.framework",
			);
			runOnlyForDeploymentPostprocessing = 0;
			shellPath = /bin/sh;
			shellScript = "\"${SRCROOT}/Pods/Target Support Files/Pods-Hospitalist Hours Log/Pods-Hospitalist Hours Log-frameworks.sh\"\n";
			showEnvVarsInLog = 0;
		};
		A4249B0F839E4D00053A7681 /* [CP] Check Pods Manifest.lock */ = {
			isa = PBXShellScriptBuildPhase;
			buildActionMask = 2147483647;
			files = (
			);
			inputPaths = (
				"${PODS_PODFILE_DIR_PATH}/Podfile.lock",
				"${PODS_ROOT}/Manifest.lock",
			);
			name = "[CP] Check Pods Manifest.lock";
			outputPaths = (
				"$(DERIVED_FILE_DIR)/Pods-Hospitalist Hours Log-checkManifestLockResult.txt",
			);
			runOnlyForDeploymentPostprocessing = 0;
			shellPath = /bin/sh;
			shellScript = "diff \"${PODS_PODFILE_DIR_PATH}/Podfile.lock\" \"${PODS_ROOT}/Manifest.lock\" > /dev/null\nif [ $? != 0 ] ; then\n    # print error to STDERR\n    echo \"error: The sandbox is not in sync with the Podfile.lock. Run 'pod install' or update your CocoaPods installation.\" >&2\n    exit 1\nfi\n# This output is used by Xcode 'outputs' to avoid re-running this script phase.\necho \"SUCCESS\" > \"${SCRIPT_OUTPUT_FILE_0}\"\n";
			showEnvVarsInLog = 0;
		};
		FF710D43D4EFAEB76EAA52D4 /* [CP] Copy Pods Resources */ = {
			isa = PBXShellScriptBuildPhase;
			buildActionMask = 2147483647;
			files = (
			);
			inputPaths = (
			);
			name = "[CP] Copy Pods Resources";
			outputPaths = (
			);
			runOnlyForDeploymentPostprocessing = 0;
			shellPath = /bin/sh;
			shellScript = "\"${SRCROOT}/Pods/Target Support Files/Pods-Hospitalist Hours Log/Pods-Hospitalist Hours Log-resources.sh\"\n";
			showEnvVarsInLog = 0;
		};
/* End PBXShellScriptBuildPhase section */

/* Begin PBXSourcesBuildPhase section */
		D0EA5E931FE9505D0068834E /* Sources */ = {
			isa = PBXSourcesBuildPhase;
			buildActionMask = 2147483647;
			files = (
				D0235ABB1FEDB26E001E8819 /* UserLoginViewController.swift in Sources */,
				D0235ABD1FEDB3F5001E8819 /* WelcomeViewController.swift in Sources */,
				D0235ABF1FEDB5F6001E8819 /* AdminLoginViewController.swift in Sources */,
				D0235AC21FEDCB6C001E8819 /* LogViewController.swift in Sources */,
				D0235AB61FEDA9E7001E8819 /* RegisterViewController.swift in Sources */,
				D0EA5E9B1FE9505D0068834E /* AppDelegate.swift in Sources */,
			);
			runOnlyForDeploymentPostprocessing = 0;
		};
/* End PBXSourcesBuildPhase section */

/* Begin PBXVariantGroup section */
		D0EA5E9E1FE9505D0068834E /* Main.storyboard */ = {
			isa = PBXVariantGroup;
			children = (
				D0EA5E9F1FE9505D0068834E /* Base */,
			);
			name = Main.storyboard;
			sourceTree = "<group>";
		};
		D0EA5EA31FE9505D0068834E /* LaunchScreen.storyboard */ = {
			isa = PBXVariantGroup;
			children = (
				D0EA5EA41FE9505D0068834E /* Base */,
			);
			name = LaunchScreen.storyboard;
			sourceTree = "<group>";
		};
/* End PBXVariantGroup section */

/* Begin XCBuildConfiguration section */
		D0EA5EA71FE9505D0068834E /* Debug */ = {
			isa = XCBuildConfiguration;
			buildSettings = {
				ALWAYS_SEARCH_USER_PATHS = NO;
				CLANG_ANALYZER_NONNULL = YES;
				CLANG_ANALYZER_NUMBER_OBJECT_CONVERSION = YES_AGGRESSIVE;
				CLANG_CXX_LANGUAGE_STANDARD = "gnu++14";
				CLANG_CXX_LIBRARY = "libc++";
				CLANG_ENABLE_MODULES = YES;
				CLANG_ENABLE_OBJC_ARC = YES;
				CLANG_WARN_BLOCK_CAPTURE_AUTORELEASING = YES;
				CLANG_WARN_BOOL_CONVERSION = YES;
				CLANG_WARN_COMMA = YES;
				CLANG_WARN_CONSTANT_CONVERSION = YES;
				CLANG_WARN_DIRECT_OBJC_ISA_USAGE = YES_ERROR;
				CLANG_WARN_DOCUMENTATION_COMMENTS = YES;
				CLANG_WARN_EMPTY_BODY = YES;
				CLANG_WARN_ENUM_CONVERSION = YES;
				CLANG_WARN_INFINITE_RECURSION = YES;
				CLANG_WARN_INT_CONVERSION = YES;
				CLANG_WARN_NON_LITERAL_NULL_CONVERSION = YES;
				CLANG_WARN_OBJC_LITERAL_CONVERSION = YES;
				CLANG_WARN_OBJC_ROOT_CLASS = YES_ERROR;
				CLANG_WARN_RANGE_LOOP_ANALYSIS = YES;
				CLANG_WARN_STRICT_PROTOTYPES = YES;
				CLANG_WARN_SUSPICIOUS_MOVE = YES;
				CLANG_WARN_UNGUARDED_AVAILABILITY = YES_AGGRESSIVE;
				CLANG_WARN_UNREACHABLE_CODE = YES;
				CLANG_WARN__DUPLICATE_METHOD_MATCH = YES;
				CODE_SIGN_IDENTITY = "iPhone Developer";
				COPY_PHASE_STRIP = NO;
				DEBUG_INFORMATION_FORMAT = dwarf;
				ENABLE_STRICT_OBJC_MSGSEND = YES;
				ENABLE_TESTABILITY = YES;
				GCC_C_LANGUAGE_STANDARD = gnu11;
				GCC_DYNAMIC_NO_PIC = NO;
				GCC_NO_COMMON_BLOCKS = YES;
				GCC_OPTIMIZATION_LEVEL = 0;
				GCC_PREPROCESSOR_DEFINITIONS = (
					"DEBUG=1",
					"$(inherited)",
				);
				GCC_WARN_64_TO_32_BIT_CONVERSION = YES;
				GCC_WARN_ABOUT_RETURN_TYPE = YES_ERROR;
				GCC_WARN_UNDECLARED_SELECTOR = YES;
				GCC_WARN_UNINITIALIZED_AUTOS = YES_AGGRESSIVE;
				GCC_WARN_UNUSED_FUNCTION = YES;
				GCC_WARN_UNUSED_VARIABLE = YES;
				IPHONEOS_DEPLOYMENT_TARGET = 11.2;
				MTL_ENABLE_DEBUG_INFO = YES;
				ONLY_ACTIVE_ARCH = YES;
				SDKROOT = iphoneos;
				SWIFT_ACTIVE_COMPILATION_CONDITIONS = DEBUG;
				SWIFT_OPTIMIZATION_LEVEL = "-Onone";
			};
			name = Debug;
		};
		D0EA5EA81FE9505D0068834E /* Release */ = {
			isa = XCBuildConfiguration;
			buildSettings = {
				ALWAYS_SEARCH_USER_PATHS = NO;
				CLANG_ANALYZER_NONNULL = YES;
				CLANG_ANALYZER_NUMBER_OBJECT_CONVERSION = YES_AGGRESSIVE;
				CLANG_CXX_LANGUAGE_STANDARD = "gnu++14";
				CLANG_CXX_LIBRARY = "libc++";
				CLANG_ENABLE_MODULES = YES;
				CLANG_ENABLE_OBJC_ARC = YES;
				CLANG_WARN_BLOCK_CAPTURE_AUTORELEASING = YES;
				CLANG_WARN_BOOL_CONVERSION = YES;
				CLANG_WARN_COMMA = YES;
				CLANG_WARN_CONSTANT_CONVERSION = YES;
				CLANG_WARN_DIRECT_OBJC_ISA_USAGE = YES_ERROR;
				CLANG_WARN_DOCUMENTATION_COMMENTS = YES;
				CLANG_WARN_EMPTY_BODY = YES;
				CLANG_WARN_ENUM_CONVERSION = YES;
				CLANG_WARN_INFINITE_RECURSION = YES;
				CLANG_WARN_INT_CONVERSION = YES;
				CLANG_WARN_NON_LITERAL_NULL_CONVERSION = YES;
				CLANG_WARN_OBJC_LITERAL_CONVERSION = YES;
				CLANG_WARN_OBJC_ROOT_CLASS = YES_ERROR;
				CLANG_WARN_RANGE_LOOP_ANALYSIS = YES;
				CLANG_WARN_STRICT_PROTOTYPES = YES;
				CLANG_WARN_SUSPICIOUS_MOVE = YES;
				CLANG_WARN_UNGUARDED_AVAILABILITY = YES_AGGRESSIVE;
				CLANG_WARN_UNREACHABLE_CODE = YES;
				CLANG_WARN__DUPLICATE_METHOD_MATCH = YES;
				CODE_SIGN_IDENTITY = "iPhone Developer";
				COPY_PHASE_STRIP = NO;
				DEBUG_INFORMATION_FORMAT = "dwarf-with-dsym";
				ENABLE_NS_ASSERTIONS = NO;
				ENABLE_STRICT_OBJC_MSGSEND = YES;
				GCC_C_LANGUAGE_STANDARD = gnu11;
				GCC_NO_COMMON_BLOCKS = YES;
				GCC_WARN_64_TO_32_BIT_CONVERSION = YES;
				GCC_WARN_ABOUT_RETURN_TYPE = YES_ERROR;
				GCC_WARN_UNDECLARED_SELECTOR = YES;
				GCC_WARN_UNINITIALIZED_AUTOS = YES_AGGRESSIVE;
				GCC_WARN_UNUSED_FUNCTION = YES;
				GCC_WARN_UNUSED_VARIABLE = YES;
				IPHONEOS_DEPLOYMENT_TARGET = 11.2;
				MTL_ENABLE_DEBUG_INFO = NO;
				SDKROOT = iphoneos;
				SWIFT_OPTIMIZATION_LEVEL = "-Owholemodule";
				VALIDATE_PRODUCT = YES;
			};
			name = Release;
		};
		D0EA5EAA1FE9505D0068834E /* Debug */ = {
			isa = XCBuildConfiguration;
			baseConfigurationReference = 106C35705214C52FC89D2239 /* Pods-Hospitalist Hours Log.debug.xcconfig */;
			buildSettings = {
				ASSETCATALOG_COMPILER_APPICON_NAME = AppIcon;
				CODE_SIGN_STYLE = Automatic;
				DEVELOPMENT_TEAM = LJP69N3GJ9;
				INFOPLIST_FILE = "Hospitalist Hours Log/Info.plist";
				LD_RUNPATH_SEARCH_PATHS = "$(inherited) @executable_path/Frameworks";
				PRODUCT_BUNDLE_IDENTIFIER = "com.peterlyn.Hospitalist-Hours-Log";
				PRODUCT_NAME = "$(TARGET_NAME)";
				SWIFT_VERSION = 4.0;
				TARGETED_DEVICE_FAMILY = "1,2";
			};
			name = Debug;
		};
		D0EA5EAB1FE9505D0068834E /* Release */ = {
			isa = XCBuildConfiguration;
			baseConfigurationReference = 939D91498D812B070ACCA372 /* Pods-Hospitalist Hours Log.release.xcconfig */;
			buildSettings = {
				ASSETCATALOG_COMPILER_APPICON_NAME = AppIcon;
				CODE_SIGN_STYLE = Automatic;
				DEVELOPMENT_TEAM = LJP69N3GJ9;
				INFOPLIST_FILE = "Hospitalist Hours Log/Info.plist";
				LD_RUNPATH_SEARCH_PATHS = "$(inherited) @executable_path/Frameworks";
				PRODUCT_BUNDLE_IDENTIFIER = "com.peterlyn.Hospitalist-Hours-Log";
				PRODUCT_NAME = "$(TARGET_NAME)";
				SWIFT_VERSION = 4.0;
				TARGETED_DEVICE_FAMILY = "1,2";
			};
			name = Release;
		};
/* End XCBuildConfiguration section */

/* Begin XCConfigurationList section */
		D0EA5E921FE9505D0068834E /* Build configuration list for PBXProject "Hospitalist Hours Log" */ = {
			isa = XCConfigurationList;
			buildConfigurations = (
				D0EA5EA71FE9505D0068834E /* Debug */,
				D0EA5EA81FE9505D0068834E /* Release */,
			);
			defaultConfigurationIsVisible = 0;
			defaultConfigurationName = Release;
		};
		D0EA5EA91FE9505D0068834E /* Build configuration list for PBXNativeTarget "Hospitalist Hours Log" */ = {
			isa = XCConfigurationList;
			buildConfigurations = (
				D0EA5EAA1FE9505D0068834E /* Debug */,
				D0EA5EAB1FE9505D0068834E /* Release */,
			);
			defaultConfigurationIsVisible = 0;
			defaultConfigurationName = Release;
		};
/* End XCConfigurationList section */
	};
	rootObject = D0EA5E8F1FE9505D0068834E /* Project object */;
}
